// !$*UTF8*$!
{
	archiveVersion = 1;
	classes = {
	};
	objectVersion = 50;
	objects = {

/* Begin PBXBuildFile section */
		F312D12A23FA9B8B004FFACC /* NSAttributedStringExtension.swift in Sources */ = {isa = PBXBuildFile; fileRef = F312D12923FA9B8B004FFACC /* NSAttributedStringExtension.swift */; };
		F386BC8C23EAFAE700A10974 /* NetworkService.swift in Sources */ = {isa = PBXBuildFile; fileRef = F386BC8B23EAFAE700A10974 /* NetworkService.swift */; };
		F386BC9023EB47EF00A10974 /* BreweryMapVC.swift in Sources */ = {isa = PBXBuildFile; fileRef = F386BC8F23EB47EF00A10974 /* BreweryMapVC.swift */; };
		F39628DF23EC53E100E2040B /* MainBreweryTVC.swift in Sources */ = {isa = PBXBuildFile; fileRef = F39628DD23EC53E100E2040B /* MainBreweryTVC.swift */; };
		F39628E023EC53E100E2040B /* MainBreweryTVC.xib in Resources */ = {isa = PBXBuildFile; fileRef = F39628DE23EC53E100E2040B /* MainBreweryTVC.xib */; };
		F39628E423EC542000E2040B /* SupportBreweryTVC.swift in Sources */ = {isa = PBXBuildFile; fileRef = F39628E223EC542000E2040B /* SupportBreweryTVC.swift */; };
		F39628E523EC542000E2040B /* SupportBreweryTVC.xib in Resources */ = {isa = PBXBuildFile; fileRef = F39628E323EC542000E2040B /* SupportBreweryTVC.xib */; };
		F39628E723EC8F1E00E2040B /* BreweryCellProtocol.swift in Sources */ = {isa = PBXBuildFile; fileRef = F39628E623EC8F1E00E2040B /* BreweryCellProtocol.swift */; };
		F39628E923EC912800E2040B /* TypeOfCell.swift in Sources */ = {isa = PBXBuildFile; fileRef = F39628E823EC912800E2040B /* TypeOfCell.swift */; };
		F3A53AFC23EB53980079A3AE /* Brewery.swift in Sources */ = {isa = PBXBuildFile; fileRef = F3A53AFB23EB53980079A3AE /* Brewery.swift */; };
		F3A53AFF23EBDA1B0079A3AE /* BreweryCD.xcdatamodeld in Sources */ = {isa = PBXBuildFile; fileRef = F3A53AFD23EBDA1B0079A3AE /* BreweryCD.xcdatamodeld */; };
		F3A53B0223EBDD220079A3AE /* BreweryEntity+CoreDataClass.swift in Sources */ = {isa = PBXBuildFile; fileRef = F3A53B0023EBDD220079A3AE /* BreweryEntity+CoreDataClass.swift */; };
		F3A53B0323EBDD220079A3AE /* BreweryEntity+CoreDataProperties.swift in Sources */ = {isa = PBXBuildFile; fileRef = F3A53B0123EBDD220079A3AE /* BreweryEntity+CoreDataProperties.swift */; };
		F3A53B0623EBDF9A0079A3AE /* BreweriesManager.swift in Sources */ = {isa = PBXBuildFile; fileRef = F3A53B0523EBDF9A0079A3AE /* BreweriesManager.swift */; };
		F3A53B0823EBEDF30079A3AE /* PersistenceService.swift in Sources */ = {isa = PBXBuildFile; fileRef = F3A53B0723EBEDF30079A3AE /* PersistenceService.swift */; };
		F3A721D223F2E3C00004D501 /* BreweryMapVM.swift in Sources */ = {isa = PBXBuildFile; fileRef = F3A721D123F2E3BF0004D501 /* BreweryMapVM.swift */; };
		F3B6D0B923EAB690009947D2 /* AppDelegate.swift in Sources */ = {isa = PBXBuildFile; fileRef = F3B6D0B823EAB690009947D2 /* AppDelegate.swift */; };
		F3B6D0BB23EAB690009947D2 /* SceneDelegate.swift in Sources */ = {isa = PBXBuildFile; fileRef = F3B6D0BA23EAB690009947D2 /* SceneDelegate.swift */; };
		F3B6D0BD23EAB690009947D2 /* ListOfBreweriesVC.swift in Sources */ = {isa = PBXBuildFile; fileRef = F3B6D0BC23EAB690009947D2 /* ListOfBreweriesVC.swift */; };
		F3B6D0C023EAB690009947D2 /* Main.storyboard in Resources */ = {isa = PBXBuildFile; fileRef = F3B6D0BE23EAB690009947D2 /* Main.storyboard */; };
		F3B6D0C223EAB691009947D2 /* Assets.xcassets in Resources */ = {isa = PBXBuildFile; fileRef = F3B6D0C123EAB691009947D2 /* Assets.xcassets */; };
		F3B6D0C523EAB691009947D2 /* LaunchScreen.storyboard in Resources */ = {isa = PBXBuildFile; fileRef = F3B6D0C323EAB691009947D2 /* LaunchScreen.storyboard */; };
		F3BAD73823EE8A2400D82AAE /* MainBeweryCellVM.swift in Sources */ = {isa = PBXBuildFile; fileRef = F3BAD73723EE8A2400D82AAE /* MainBeweryCellVM.swift */; };
		F3BAD73A23EE8C2400D82AAE /* SupportBreweryCellVM.swift in Sources */ = {isa = PBXBuildFile; fileRef = F3BAD73923EE8C2400D82AAE /* SupportBreweryCellVM.swift */; };
		F3BAD73C23EE8DA900D82AAE /* BreweryCellVM.swift in Sources */ = {isa = PBXBuildFile; fileRef = F3BAD73B23EE8DA900D82AAE /* BreweryCellVM.swift */; };
		F3F4015F23F0229400673232 /* BreweryTableVM.swift in Sources */ = {isa = PBXBuildFile; fileRef = F3F4015E23F0229400673232 /* BreweryTableVM.swift */; };
		F3FACED123F19E0E0069F478 /* SearchBarVM.swift in Sources */ = {isa = PBXBuildFile; fileRef = F3FACED023F19E0E0069F478 /* SearchBarVM.swift */; };
		F3FACED323F1CF0B0069F478 /* SearchBarVMDelegate.swift in Sources */ = {isa = PBXBuildFile; fileRef = F3FACED223F1CF0B0069F478 /* SearchBarVMDelegate.swift */; };
/* End PBXBuildFile section */

/* Begin PBXFileReference section */
		F312D12923FA9B8B004FFACC /* NSAttributedStringExtension.swift */ = {isa = PBXFileReference; lastKnownFileType = sourcecode.swift; path = NSAttributedStringExtension.swift; sourceTree = "<group>"; };
		F386BC8B23EAFAE700A10974 /* NetworkService.swift */ = {isa = PBXFileReference; lastKnownFileType = sourcecode.swift; path = NetworkService.swift; sourceTree = "<group>"; };
		F386BC8F23EB47EF00A10974 /* BreweryMapVC.swift */ = {isa = PBXFileReference; lastKnownFileType = sourcecode.swift; path = BreweryMapVC.swift; sourceTree = "<group>"; };
		F39628DD23EC53E100E2040B /* MainBreweryTVC.swift */ = {isa = PBXFileReference; lastKnownFileType = sourcecode.swift; path = MainBreweryTVC.swift; sourceTree = "<group>"; };
		F39628DE23EC53E100E2040B /* MainBreweryTVC.xib */ = {isa = PBXFileReference; lastKnownFileType = file.xib; path = MainBreweryTVC.xib; sourceTree = "<group>"; };
		F39628E223EC542000E2040B /* SupportBreweryTVC.swift */ = {isa = PBXFileReference; lastKnownFileType = sourcecode.swift; path = SupportBreweryTVC.swift; sourceTree = "<group>"; };
		F39628E323EC542000E2040B /* SupportBreweryTVC.xib */ = {isa = PBXFileReference; lastKnownFileType = file.xib; path = SupportBreweryTVC.xib; sourceTree = "<group>"; };
		F39628E623EC8F1E00E2040B /* BreweryCellProtocol.swift */ = {isa = PBXFileReference; lastKnownFileType = sourcecode.swift; path = BreweryCellProtocol.swift; sourceTree = "<group>"; };
		F39628E823EC912800E2040B /* TypeOfCell.swift */ = {isa = PBXFileReference; lastKnownFileType = sourcecode.swift; path = TypeOfCell.swift; sourceTree = "<group>"; };
		F3A53AFB23EB53980079A3AE /* Brewery.swift */ = {isa = PBXFileReference; lastKnownFileType = sourcecode.swift; path = Brewery.swift; sourceTree = "<group>"; };
		F3A53AFE23EBDA1B0079A3AE /* BreweryCD.xcdatamodel */ = {isa = PBXFileReference; lastKnownFileType = wrapper.xcdatamodel; path = BreweryCD.xcdatamodel; sourceTree = "<group>"; };
		F3A53B0023EBDD220079A3AE /* BreweryEntity+CoreDataClass.swift */ = {isa = PBXFileReference; lastKnownFileType = sourcecode.swift; path = "BreweryEntity+CoreDataClass.swift"; sourceTree = "<group>"; };
		F3A53B0123EBDD220079A3AE /* BreweryEntity+CoreDataProperties.swift */ = {isa = PBXFileReference; lastKnownFileType = sourcecode.swift; path = "BreweryEntity+CoreDataProperties.swift"; sourceTree = "<group>"; };
		F3A53B0523EBDF9A0079A3AE /* BreweriesManager.swift */ = {isa = PBXFileReference; lastKnownFileType = sourcecode.swift; path = BreweriesManager.swift; sourceTree = "<group>"; };
		F3A53B0723EBEDF30079A3AE /* PersistenceService.swift */ = {isa = PBXFileReference; lastKnownFileType = sourcecode.swift; path = PersistenceService.swift; sourceTree = "<group>"; };
		F3A721D123F2E3BF0004D501 /* BreweryMapVM.swift */ = {isa = PBXFileReference; lastKnownFileType = sourcecode.swift; path = BreweryMapVM.swift; sourceTree = "<group>"; };
		F3B6D0B523EAB690009947D2 /* Breweries.app */ = {isa = PBXFileReference; explicitFileType = wrapper.application; includeInIndex = 0; path = Breweries.app; sourceTree = BUILT_PRODUCTS_DIR; };
		F3B6D0B823EAB690009947D2 /* AppDelegate.swift */ = {isa = PBXFileReference; lastKnownFileType = sourcecode.swift; path = AppDelegate.swift; sourceTree = "<group>"; };
		F3B6D0BA23EAB690009947D2 /* SceneDelegate.swift */ = {isa = PBXFileReference; lastKnownFileType = sourcecode.swift; path = SceneDelegate.swift; sourceTree = "<group>"; };
		F3B6D0BC23EAB690009947D2 /* ListOfBreweriesVC.swift */ = {isa = PBXFileReference; lastKnownFileType = sourcecode.swift; path = ListOfBreweriesVC.swift; sourceTree = "<group>"; };
		F3B6D0BF23EAB690009947D2 /* Base */ = {isa = PBXFileReference; lastKnownFileType = file.storyboard; name = Base; path = Base.lproj/Main.storyboard; sourceTree = "<group>"; };
		F3B6D0C123EAB691009947D2 /* Assets.xcassets */ = {isa = PBXFileReference; lastKnownFileType = folder.assetcatalog; path = Assets.xcassets; sourceTree = "<group>"; };
		F3B6D0C423EAB691009947D2 /* Base */ = {isa = PBXFileReference; lastKnownFileType = file.storyboard; name = Base; path = Base.lproj/LaunchScreen.storyboard; sourceTree = "<group>"; };
		F3B6D0C623EAB691009947D2 /* Info.plist */ = {isa = PBXFileReference; lastKnownFileType = text.plist.xml; path = Info.plist; sourceTree = "<group>"; };
		F3BAD73723EE8A2400D82AAE /* MainBeweryCellVM.swift */ = {isa = PBXFileReference; lastKnownFileType = sourcecode.swift; path = MainBeweryCellVM.swift; sourceTree = "<group>"; };
		F3BAD73923EE8C2400D82AAE /* SupportBreweryCellVM.swift */ = {isa = PBXFileReference; lastKnownFileType = sourcecode.swift; path = SupportBreweryCellVM.swift; sourceTree = "<group>"; };
		F3BAD73B23EE8DA900D82AAE /* BreweryCellVM.swift */ = {isa = PBXFileReference; lastKnownFileType = sourcecode.swift; path = BreweryCellVM.swift; sourceTree = "<group>"; };
		F3F4015E23F0229400673232 /* BreweryTableVM.swift */ = {isa = PBXFileReference; lastKnownFileType = sourcecode.swift; path = BreweryTableVM.swift; sourceTree = "<group>"; };
		F3FACED023F19E0E0069F478 /* SearchBarVM.swift */ = {isa = PBXFileReference; lastKnownFileType = sourcecode.swift; path = SearchBarVM.swift; sourceTree = "<group>"; };
		F3FACED223F1CF0B0069F478 /* SearchBarVMDelegate.swift */ = {isa = PBXFileReference; lastKnownFileType = sourcecode.swift; path = SearchBarVMDelegate.swift; sourceTree = "<group>"; };
/* End PBXFileReference section */

/* Begin PBXFrameworksBuildPhase section */
		F3B6D0B223EAB690009947D2 /* Frameworks */ = {
			isa = PBXFrameworksBuildPhase;
			buildActionMask = 2147483647;
			files = (
			);
			runOnlyForDeploymentPostprocessing = 0;
		};
/* End PBXFrameworksBuildPhase section */

/* Begin PBXGroup section */
		F312D12823FA9B1F004FFACC /* Extension */ = {
			isa = PBXGroup;
			children = (
				F312D12923FA9B8B004FFACC /* NSAttributedStringExtension.swift */,
			);
			path = Extension;
			sourceTree = "<group>";
		};
		F386BC8A23EAFA9C00A10974 /* Services */ = {
			isa = PBXGroup;
			children = (
				F3A53B0723EBEDF30079A3AE /* PersistenceService.swift */,
				F386BC8B23EAFAE700A10974 /* NetworkService.swift */,
				F3A53B0523EBDF9A0079A3AE /* BreweriesManager.swift */,
			);
			path = Services;
			sourceTree = "<group>";
		};
		F386BC9123EB483900A10974 /* Controlleres */ = {
			isa = PBXGroup;
			children = (
				F3B6D0BC23EAB690009947D2 /* ListOfBreweriesVC.swift */,
				F386BC8F23EB47EF00A10974 /* BreweryMapVC.swift */,
				F3A721D123F2E3BF0004D501 /* BreweryMapVM.swift */,
			);
			path = Controlleres;
			sourceTree = "<group>";
		};
		F39628E123EC53F400E2040B /* TableCell */ = {
			isa = PBXGroup;
			children = (
				F39628DD23EC53E100E2040B /* MainBreweryTVC.swift */,
				F39628DE23EC53E100E2040B /* MainBreweryTVC.xib */,
				F39628E223EC542000E2040B /* SupportBreweryTVC.swift */,
				F39628E323EC542000E2040B /* SupportBreweryTVC.xib */,
				F39628E623EC8F1E00E2040B /* BreweryCellProtocol.swift */,
				F39628E823EC912800E2040B /* TypeOfCell.swift */,
				F3BAD73723EE8A2400D82AAE /* MainBeweryCellVM.swift */,
				F3BAD73923EE8C2400D82AAE /* SupportBreweryCellVM.swift */,
				F3BAD73B23EE8DA900D82AAE /* BreweryCellVM.swift */,
				F3F4015E23F0229400673232 /* BreweryTableVM.swift */,
			);
			path = TableCell;
			sourceTree = "<group>";
		};
		F3A53B0423EBDD5B0079A3AE /* CoreData */ = {
			isa = PBXGroup;
			children = (
				F3A53B0023EBDD220079A3AE /* BreweryEntity+CoreDataClass.swift */,
				F3A53B0123EBDD220079A3AE /* BreweryEntity+CoreDataProperties.swift */,
				F3A53AFD23EBDA1B0079A3AE /* BreweryCD.xcdatamodeld */,
			);
			path = CoreData;
			sourceTree = "<group>";
		};
		F3B6D0AC23EAB68F009947D2 = {
			isa = PBXGroup;
			children = (
				F3B6D0B723EAB690009947D2 /* Breweries */,
				F3B6D0B623EAB690009947D2 /* Products */,
			);
			sourceTree = "<group>";
		};
		F3B6D0B623EAB690009947D2 /* Products */ = {
			isa = PBXGroup;
			children = (
				F3B6D0B523EAB690009947D2 /* Breweries.app */,
			);
			name = Products;
			sourceTree = "<group>";
		};
		F3B6D0B723EAB690009947D2 /* Breweries */ = {
			isa = PBXGroup;
			children = (
				F312D12823FA9B1F004FFACC /* Extension */,
				F3FACED523F1DAA90069F478 /* Models */,
				F39628E123EC53F400E2040B /* TableCell */,
				F3FACED423F1DA480069F478 /* SearchBar */,
				F3A53B0423EBDD5B0079A3AE /* CoreData */,
				F386BC9123EB483900A10974 /* Controlleres */,
				F386BC8A23EAFA9C00A10974 /* Services */,
				F3B6D0B823EAB690009947D2 /* AppDelegate.swift */,
				F3B6D0BA23EAB690009947D2 /* SceneDelegate.swift */,
				F3B6D0BE23EAB690009947D2 /* Main.storyboard */,
				F3B6D0C123EAB691009947D2 /* Assets.xcassets */,
				F3B6D0C323EAB691009947D2 /* LaunchScreen.storyboard */,
				F3B6D0C623EAB691009947D2 /* Info.plist */,
			);
			path = Breweries;
			sourceTree = "<group>";
		};
		F3FACED423F1DA480069F478 /* SearchBar */ = {
			isa = PBXGroup;
			children = (
				F3FACED023F19E0E0069F478 /* SearchBarVM.swift */,
				F3FACED223F1CF0B0069F478 /* SearchBarVMDelegate.swift */,
			);
			path = SearchBar;
			sourceTree = "<group>";
		};
		F3FACED523F1DAA90069F478 /* Models */ = {
			isa = PBXGroup;
			children = (
				F3A53AFB23EB53980079A3AE /* Brewery.swift */,
			);
			path = Models;
			sourceTree = "<group>";
		};
/* End PBXGroup section */

/* Begin PBXNativeTarget section */
		F3B6D0B423EAB690009947D2 /* Breweries */ = {
			isa = PBXNativeTarget;
			buildConfigurationList = F3B6D0C923EAB691009947D2 /* Build configuration list for PBXNativeTarget "Breweries" */;
			buildPhases = (
				F3B6D0B123EAB690009947D2 /* Sources */,
				F3B6D0B223EAB690009947D2 /* Frameworks */,
				F3B6D0B323EAB690009947D2 /* Resources */,
			);
			buildRules = (
			);
			dependencies = (
			);
			name = Breweries;
			productName = Breweries;
			productReference = F3B6D0B523EAB690009947D2 /* Breweries.app */;
			productType = "com.apple.product-type.application";
		};
/* End PBXNativeTarget section */

/* Begin PBXProject section */
		F3B6D0AD23EAB68F009947D2 /* Project object */ = {
			isa = PBXProject;
			attributes = {
				LastSwiftUpdateCheck = 1130;
				LastUpgradeCheck = 1130;
				ORGANIZATIONNAME = VladislavGorbenko;
				TargetAttributes = {
					F3B6D0B423EAB690009947D2 = {
						CreatedOnToolsVersion = 11.3.1;
					};
				};
			};
			buildConfigurationList = F3B6D0B023EAB68F009947D2 /* Build configuration list for PBXProject "Breweries" */;
			compatibilityVersion = "Xcode 9.3";
			developmentRegion = en;
			hasScannedForEncodings = 0;
			knownRegions = (
				en,
				Base,
			);
			mainGroup = F3B6D0AC23EAB68F009947D2;
			productRefGroup = F3B6D0B623EAB690009947D2 /* Products */;
			projectDirPath = "";
			projectRoot = "";
			targets = (
				F3B6D0B423EAB690009947D2 /* Breweries */,
			);
		};
/* End PBXProject section */

/* Begin PBXResourcesBuildPhase section */
		F3B6D0B323EAB690009947D2 /* Resources */ = {
			isa = PBXResourcesBuildPhase;
			buildActionMask = 2147483647;
			files = (
				F3B6D0C523EAB691009947D2 /* LaunchScreen.storyboard in Resources */,
				F39628E023EC53E100E2040B /* MainBreweryTVC.xib in Resources */,
				F39628E523EC542000E2040B /* SupportBreweryTVC.xib in Resources */,
				F3B6D0C223EAB691009947D2 /* Assets.xcassets in Resources */,
				F3B6D0C023EAB690009947D2 /* Main.storyboard in Resources */,
			);
			runOnlyForDeploymentPostprocessing = 0;
		};
/* End PBXResourcesBuildPhase section */

/* Begin PBXSourcesBuildPhase section */
		F3B6D0B123EAB690009947D2 /* Sources */ = {
			isa = PBXSourcesBuildPhase;
			buildActionMask = 2147483647;
			files = (
				F3A53B0223EBDD220079A3AE /* BreweryEntity+CoreDataClass.swift in Sources */,
				F312D12A23FA9B8B004FFACC /* NSAttributedStringExtension.swift in Sources */,
				F3FACED323F1CF0B0069F478 /* SearchBarVMDelegate.swift in Sources */,
				F3FACED123F19E0E0069F478 /* SearchBarVM.swift in Sources */,
				F386BC9023EB47EF00A10974 /* BreweryMapVC.swift in Sources */,
				F39628E923EC912800E2040B /* TypeOfCell.swift in Sources */,
				F3B6D0BD23EAB690009947D2 /* ListOfBreweriesVC.swift in Sources */,
				F3A53B0323EBDD220079A3AE /* BreweryEntity+CoreDataProperties.swift in Sources */,
				F3B6D0B923EAB690009947D2 /* AppDelegate.swift in Sources */,
				F39628E723EC8F1E00E2040B /* BreweryCellProtocol.swift in Sources */,
				F39628DF23EC53E100E2040B /* MainBreweryTVC.swift in Sources */,
				F39628E423EC542000E2040B /* SupportBreweryTVC.swift in Sources */,
				F3A53AFC23EB53980079A3AE /* Brewery.swift in Sources */,
				F3A721D223F2E3C00004D501 /* BreweryMapVM.swift in Sources */,
				F3BAD73C23EE8DA900D82AAE /* BreweryCellVM.swift in Sources */,
				F3A53B0823EBEDF30079A3AE /* PersistenceService.swift in Sources */,
				F3BAD73823EE8A2400D82AAE /* MainBeweryCellVM.swift in Sources */,
				F3A53B0623EBDF9A0079A3AE /* BreweriesManager.swift in Sources */,
				F3A53AFF23EBDA1B0079A3AE /* BreweryCD.xcdatamodeld in Sources */,
				F386BC8C23EAFAE700A10974 /* NetworkService.swift in Sources */,
				F3B6D0BB23EAB690009947D2 /* SceneDelegate.swift in Sources */,
				F3F4015F23F0229400673232 /* BreweryTableVM.swift in Sources */,
				F3BAD73A23EE8C2400D82AAE /* SupportBreweryCellVM.swift in Sources */,
			);
			runOnlyForDeploymentPostprocessing = 0;
		};
/* End PBXSourcesBuildPhase section */

/* Begin PBXVariantGroup section */
		F3B6D0BE23EAB690009947D2 /* Main.storyboard */ = {
			isa = PBXVariantGroup;
			children = (
				F3B6D0BF23EAB690009947D2 /* Base */,
			);
			name = Main.storyboard;
			sourceTree = "<group>";
		};
		F3B6D0C323EAB691009947D2 /* LaunchScreen.storyboard */ = {
			isa = PBXVariantGroup;
			children = (
				F3B6D0C423EAB691009947D2 /* Base */,
			);
			name = LaunchScreen.storyboard;
			sourceTree = "<group>";
		};
/* End PBXVariantGroup section */

/* Begin XCBuildConfiguration section */
		F3B6D0C723EAB691009947D2 /* Debug */ = {
			isa = XCBuildConfiguration;
			buildSettings = {
				ALWAYS_SEARCH_USER_PATHS = NO;
				CLANG_ANALYZER_NONNULL = YES;
				CLANG_ANALYZER_NUMBER_OBJECT_CONVERSION = YES_AGGRESSIVE;
				CLANG_CXX_LANGUAGE_STANDARD = "gnu++14";
				CLANG_CXX_LIBRARY = "libc++";
				CLANG_ENABLE_MODULES = YES;
				CLANG_ENABLE_OBJC_ARC = YES;
				CLANG_ENABLE_OBJC_WEAK = YES;
				CLANG_WARN_BLOCK_CAPTURE_AUTORELEASING = YES;
				CLANG_WARN_BOOL_CONVERSION = YES;
				CLANG_WARN_COMMA = YES;
				CLANG_WARN_CONSTANT_CONVERSION = YES;
				CLANG_WARN_DEPRECATED_OBJC_IMPLEMENTATIONS = YES;
				CLANG_WARN_DIRECT_OBJC_ISA_USAGE = YES_ERROR;
				CLANG_WARN_DOCUMENTATION_COMMENTS = YES;
				CLANG_WARN_EMPTY_BODY = YES;
				CLANG_WARN_ENUM_CONVERSION = YES;
				CLANG_WARN_INFINITE_RECURSION = YES;
				CLANG_WARN_INT_CONVERSION = YES;
				CLANG_WARN_NON_LITERAL_NULL_CONVERSION = YES;
				CLANG_WARN_OBJC_IMPLICIT_RETAIN_SELF = YES;
				CLANG_WARN_OBJC_LITERAL_CONVERSION = YES;
				CLANG_WARN_OBJC_ROOT_CLASS = YES_ERROR;
				CLANG_WARN_RANGE_LOOP_ANALYSIS = YES;
				CLANG_WARN_STRICT_PROTOTYPES = YES;
				CLANG_WARN_SUSPICIOUS_MOVE = YES;
				CLANG_WARN_UNGUARDED_AVAILABILITY = YES_AGGRESSIVE;
				CLANG_WARN_UNREACHABLE_CODE = YES;
				CLANG_WARN__DUPLICATE_METHOD_MATCH = YES;
				COPY_PHASE_STRIP = NO;
				DEBUG_INFORMATION_FORMAT = dwarf;
				ENABLE_STRICT_OBJC_MSGSEND = YES;
				ENABLE_TESTABILITY = YES;
				GCC_C_LANGUAGE_STANDARD = gnu11;
				GCC_DYNAMIC_NO_PIC = NO;
				GCC_NO_COMMON_BLOCKS = YES;
				GCC_OPTIMIZATION_LEVEL = 0;
				GCC_PREPROCESSOR_DEFINITIONS = (
					"DEBUG=1",
					"$(inherited)",
				);
				GCC_WARN_64_TO_32_BIT_CONVERSION = YES;
				GCC_WARN_ABOUT_RETURN_TYPE = YES_ERROR;
				GCC_WARN_UNDECLARED_SELECTOR = YES;
				GCC_WARN_UNINITIALIZED_AUTOS = YES_AGGRESSIVE;
				GCC_WARN_UNUSED_FUNCTION = YES;
				GCC_WARN_UNUSED_VARIABLE = YES;
				IPHONEOS_DEPLOYMENT_TARGET = 13.2;
				MTL_ENABLE_DEBUG_INFO = INCLUDE_SOURCE;
				MTL_FAST_MATH = YES;
				ONLY_ACTIVE_ARCH = YES;
				SDKROOT = iphoneos;
				SWIFT_ACTIVE_COMPILATION_CONDITIONS = DEBUG;
				SWIFT_OPTIMIZATION_LEVEL = "-Onone";
			};
			name = Debug;
		};
		F3B6D0C823EAB691009947D2 /* Release */ = {
			isa = XCBuildConfiguration;
			buildSettings = {
				ALWAYS_SEARCH_USER_PATHS = NO;
				CLANG_ANALYZER_NONNULL = YES;
				CLANG_ANALYZER_NUMBER_OBJECT_CONVERSION = YES_AGGRESSIVE;
				CLANG_CXX_LANGUAGE_STANDARD = "gnu++14";
				CLANG_CXX_LIBRARY = "libc++";
				CLANG_ENABLE_MODULES = YES;
				CLANG_ENABLE_OBJC_ARC = YES;
				CLANG_ENABLE_OBJC_WEAK = YES;
				CLANG_WARN_BLOCK_CAPTURE_AUTORELEASING = YES;
				CLANG_WARN_BOOL_CONVERSION = YES;
				CLANG_WARN_COMMA = YES;
				CLANG_WARN_CONSTANT_CONVERSION = YES;
				CLANG_WARN_DEPRECATED_OBJC_IMPLEMENTATIONS = YES;
				CLANG_WARN_DIRECT_OBJC_ISA_USAGE = YES_ERROR;
				CLANG_WARN_DOCUMENTATION_COMMENTS = YES;
				CLANG_WARN_EMPTY_BODY = YES;
				CLANG_WARN_ENUM_CONVERSION = YES;
				CLANG_WARN_INFINITE_RECURSION = YES;
				CLANG_WARN_INT_CONVERSION = YES;
				CLANG_WARN_NON_LITERAL_NULL_CONVERSION = YES;
				CLANG_WARN_OBJC_IMPLICIT_RETAIN_SELF = YES;
				CLANG_WARN_OBJC_LITERAL_CONVERSION = YES;
				CLANG_WARN_OBJC_ROOT_CLASS = YES_ERROR;
				CLANG_WARN_RANGE_LOOP_ANALYSIS = YES;
				CLANG_WARN_STRICT_PROTOTYPES = YES;
				CLANG_WARN_SUSPICIOUS_MOVE = YES;
				CLANG_WARN_UNGUARDED_AVAILABILITY = YES_AGGRESSIVE;
				CLANG_WARN_UNREACHABLE_CODE = YES;
				CLANG_WARN__DUPLICATE_METHOD_MATCH = YES;
				COPY_PHASE_STRIP = NO;
				DEBUG_INFORMATION_FORMAT = "dwarf-with-dsym";
				ENABLE_NS_ASSERTIONS = NO;
				ENABLE_STRICT_OBJC_MSGSEND = YES;
				GCC_C_LANGUAGE_STANDARD = gnu11;
				GCC_NO_COMMON_BLOCKS = YES;
				GCC_WARN_64_TO_32_BIT_CONVERSION = YES;
				GCC_WARN_ABOUT_RETURN_TYPE = YES_ERROR;
				GCC_WARN_UNDECLARED_SELECTOR = YES;
				GCC_WARN_UNINITIALIZED_AUTOS = YES_AGGRESSIVE;
				GCC_WARN_UNUSED_FUNCTION = YES;
				GCC_WARN_UNUSED_VARIABLE = YES;
				IPHONEOS_DEPLOYMENT_TARGET = 13.2;
				MTL_ENABLE_DEBUG_INFO = NO;
				MTL_FAST_MATH = YES;
				SDKROOT = iphoneos;
				SWIFT_COMPILATION_MODE = wholemodule;
				SWIFT_OPTIMIZATION_LEVEL = "-O";
				VALIDATE_PRODUCT = YES;
			};
			name = Release;
		};
		F3B6D0CA23EAB691009947D2 /* Debug */ = {
			isa = XCBuildConfiguration;
			buildSettings = {
				ASSETCATALOG_COMPILER_APPICON_NAME = AppIcon;
				CODE_SIGN_STYLE = Automatic;
				DEVELOPMENT_TEAM = QS37LQD623;
				INFOPLIST_FILE = Breweries/Info.plist;
				LD_RUNPATH_SEARCH_PATHS = (
					"$(inherited)",
					"@executable_path/Frameworks",
				);
				PRODUCT_BUNDLE_IDENTIFIER = VG.Breweries;
				PRODUCT_NAME = "$(TARGET_NAME)";
				SWIFT_VERSION = 5.0;
				TARGETED_DEVICE_FAMILY = 1;
			};
			name = Debug;
		};
		F3B6D0CB23EAB691009947D2 /* Release */ = {
			isa = XCBuildConfiguration;
			buildSettings = {
				ASSETCATALOG_COMPILER_APPICON_NAME = AppIcon;
				CODE_SIGN_STYLE = Automatic;
				DEVELOPMENT_TEAM = QS37LQD623;
				INFOPLIST_FILE = Breweries/Info.plist;
				LD_RUNPATH_SEARCH_PATHS = (
					"$(inherited)",
					"@executable_path/Frameworks",
				);
				PRODUCT_BUNDLE_IDENTIFIER = VG.Breweries;
				PRODUCT_NAME = "$(TARGET_NAME)";
				SWIFT_VERSION = 5.0;
				TARGETED_DEVICE_FAMILY = 1;
			};
			name = Release;
		};
/* End XCBuildConfiguration section */

/* Begin XCConfigurationList section */
		F3B6D0B023EAB68F009947D2 /* Build configuration list for PBXProject "Breweries" */ = {
			isa = XCConfigurationList;
			buildConfigurations = (
				F3B6D0C723EAB691009947D2 /* Debug */,
				F3B6D0C823EAB691009947D2 /* Release */,
			);
			defaultConfigurationIsVisible = 0;
			defaultConfigurationName = Release;
		};
		F3B6D0C923EAB691009947D2 /* Build configuration list for PBXNativeTarget "Breweries" */ = {
			isa = XCConfigurationList;
			buildConfigurations = (
				F3B6D0CA23EAB691009947D2 /* Debug */,
				F3B6D0CB23EAB691009947D2 /* Release */,
			);
			defaultConfigurationIsVisible = 0;
			defaultConfigurationName = Release;
		};
/* End XCConfigurationList section */

/* Begin XCVersionGroup section */
		F3A53AFD23EBDA1B0079A3AE /* BreweryCD.xcdatamodeld */ = {
			isa = XCVersionGroup;
			children = (
				F3A53AFE23EBDA1B0079A3AE /* BreweryCD.xcdatamodel */,
			);
			currentVersion = F3A53AFE23EBDA1B0079A3AE /* BreweryCD.xcdatamodel */;
			path = BreweryCD.xcdatamodeld;
			sourceTree = "<group>";
			versionGroupType = wrapper.xcdatamodel;
		};
/* End XCVersionGroup section */
	};
	rootObject = F3B6D0AD23EAB68F009947D2 /* Project object */;
}
